// !$*UTF8*$!
{
	archiveVersion = 1;
	classes = {
	};
	objectVersion = 51;
	objects = {

/* Begin PBXBuildFile section */
		232CDEBB267A0C86001BCD54 /* AddNoteVC+ImagePicker.swift in Sources */ = {isa = PBXBuildFile; fileRef = 232CDEBA267A0C86001BCD54 /* AddNoteVC+ImagePicker.swift */; };
		232CDEBF267A1DC1001BCD54 /* NotesVC+CLLocation.swift in Sources */ = {isa = PBXBuildFile; fileRef = 232CDEBE267A1DC1001BCD54 /* NotesVC+CLLocation.swift */; };
		238ECB3726764EF80078F569 /* KonizTests.swift in Sources */ = {isa = PBXBuildFile; fileRef = 238ECB3626764EF80078F569 /* KonizTests.swift */; };
		238ECB4226764EF80078F569 /* KonizUITests.swift in Sources */ = {isa = PBXBuildFile; fileRef = 238ECB4126764EF80078F569 /* KonizUITests.swift */; };
		238ECB852676530E0078F569 /* Notes.storyboard in Resources */ = {isa = PBXBuildFile; fileRef = 238ECB7B2676530E0078F569 /* Notes.storyboard */; };
		238ECB862676530E0078F569 /* NotesViewController.swift in Sources */ = {isa = PBXBuildFile; fileRef = 238ECB7D2676530E0078F569 /* NotesViewController.swift */; };
		238ECB872676530E0078F569 /* Assets.xcassets in Resources */ = {isa = PBXBuildFile; fileRef = 238ECB7F2676530E0078F569 /* Assets.xcassets */; };
		238ECB882676530E0078F569 /* LaunchScreen.storyboard in Resources */ = {isa = PBXBuildFile; fileRef = 238ECB802676530E0078F569 /* LaunchScreen.storyboard */; };
		238ECB892676530E0078F569 /* AppDelegate.swift in Sources */ = {isa = PBXBuildFile; fileRef = 238ECB822676530E0078F569 /* AppDelegate.swift */; };
		238ECB93267653AB0078F569 /* UITableView+Extensions.swift in Sources */ = {isa = PBXBuildFile; fileRef = 238ECB92267653AB0078F569 /* UITableView+Extensions.swift */; };
		238ECB98267653C20078F569 /* UIView.swift in Sources */ = {isa = PBXBuildFile; fileRef = 238ECB97267653C20078F569 /* UIView.swift */; };
		238ECB9D267655430078F569 /* NotesVC+TableViewDelegate.swift in Sources */ = {isa = PBXBuildFile; fileRef = 238ECB9C267655430078F569 /* NotesVC+TableViewDelegate.swift */; };
		238ECBA8267655E60078F569 /* NoteCell.swift in Sources */ = {isa = PBXBuildFile; fileRef = 238ECBA6267655E60078F569 /* NoteCell.swift */; };
		238ECBA9267655E60078F569 /* NoteCell.xib in Resources */ = {isa = PBXBuildFile; fileRef = 238ECBA7267655E60078F569 /* NoteCell.xib */; };
		238ECBBB267662D40078F569 /* EmptyView.swift in Sources */ = {isa = PBXBuildFile; fileRef = 238ECBBA267662D40078F569 /* EmptyView.swift */; };
		238ECBC3267662DD0078F569 /* EmptyView.xib in Resources */ = {isa = PBXBuildFile; fileRef = 238ECBC2267662DD0078F569 /* EmptyView.xib */; };
		238ECBC8267696E60078F569 /* UITextViewPlaceHolder.swift in Sources */ = {isa = PBXBuildFile; fileRef = 238ECBC7267696E60078F569 /* UITextViewPlaceHolder.swift */; };
		23E9146E2677969500B8BC61 /* NotesViewModel.swift in Sources */ = {isa = PBXBuildFile; fileRef = 23E9146D2677969500B8BC61 /* NotesViewModel.swift */; };
		23E91473267812BE00B8BC61 /* UIViewController.swift in Sources */ = {isa = PBXBuildFile; fileRef = 23E91472267812BE00B8BC61 /* UIViewController.swift */; };
		23ED818A267699CE003F00FE /* AddNoteViewController.swift in Sources */ = {isa = PBXBuildFile; fileRef = 23ED8189267699CE003F00FE /* AddNoteViewController.swift */; };
		23ED81A02676B17B003F00FE /* NoteObject.swift in Sources */ = {isa = PBXBuildFile; fileRef = 23ED819F2676B17B003F00FE /* NoteObject.swift */; };
		23ED81A82676B95A003F00FE /* UIImage.swift in Sources */ = {isa = PBXBuildFile; fileRef = 23ED81A72676B95A003F00FE /* UIImage.swift */; };
		23ED81B02676C9DC003F00FE /* AddNoteVC+CLLocation.swift in Sources */ = {isa = PBXBuildFile; fileRef = 23ED81AF2676C9DC003F00FE /* AddNoteVC+CLLocation.swift */; };
		23ED81C12676CD10003F00FE /* AddNoteViewModel.swift in Sources */ = {isa = PBXBuildFile; fileRef = 23ED81C02676CD10003F00FE /* AddNoteViewModel.swift */; };
		23ED81C72676CE5F003F00FE /* RealmManager.swift in Sources */ = {isa = PBXBuildFile; fileRef = 23ED81C62676CE5F003F00FE /* RealmManager.swift */; };
		679653F1C83BDF723C9AF81B /* Pods_Koniz.framework in Frameworks */ = {isa = PBXBuildFile; fileRef = CE0173B03CC86CC3171C1C76 /* Pods_Koniz.framework */; };
		8D6966185ED4D1758830CABB /* Pods_Koniz_KonizUITests.framework in Frameworks */ = {isa = PBXBuildFile; fileRef = C5896BDF96F69C039EA9DFC4 /* Pods_Koniz_KonizUITests.framework */; };
		B54FDBAA85D20910456B9372 /* Pods_KonizTests.framework in Frameworks */ = {isa = PBXBuildFile; fileRef = 00805729676A99186CB670C8 /* Pods_KonizTests.framework */; };
/* End PBXBuildFile section */

/* Begin PBXContainerItemProxy section */
		238ECB3326764EF80078F569 /* PBXContainerItemProxy */ = {
			isa = PBXContainerItemProxy;
			containerPortal = 238ECB1426764EF50078F569 /* Project object */;
			proxyType = 1;
			remoteGlobalIDString = 238ECB1B26764EF50078F569;
			remoteInfo = Koniz;
		};
		238ECB3E26764EF80078F569 /* PBXContainerItemProxy */ = {
			isa = PBXContainerItemProxy;
			containerPortal = 238ECB1426764EF50078F569 /* Project object */;
			proxyType = 1;
			remoteGlobalIDString = 238ECB1B26764EF50078F569;
			remoteInfo = Koniz;
		};
/* End PBXContainerItemProxy section */

/* Begin PBXFileReference section */
		00805729676A99186CB670C8 /* Pods_KonizTests.framework */ = {isa = PBXFileReference; explicitFileType = wrapper.framework; includeInIndex = 0; path = Pods_KonizTests.framework; sourceTree = BUILT_PRODUCTS_DIR; };
		0A968E57353D6A18D844956A /* Pods-Koniz-KonizUITests.release.xcconfig */ = {isa = PBXFileReference; includeInIndex = 1; lastKnownFileType = text.xcconfig; name = "Pods-Koniz-KonizUITests.release.xcconfig"; path = "Target Support Files/Pods-Koniz-KonizUITests/Pods-Koniz-KonizUITests.release.xcconfig"; sourceTree = "<group>"; };
		232CDEBA267A0C86001BCD54 /* AddNoteVC+ImagePicker.swift */ = {isa = PBXFileReference; lastKnownFileType = sourcecode.swift; path = "AddNoteVC+ImagePicker.swift"; sourceTree = "<group>"; };
		232CDEBE267A1DC1001BCD54 /* NotesVC+CLLocation.swift */ = {isa = PBXFileReference; fileEncoding = 4; lastKnownFileType = sourcecode.swift; path = "NotesVC+CLLocation.swift"; sourceTree = "<group>"; };
		238ECB1C26764EF50078F569 /* Koniz.app */ = {isa = PBXFileReference; explicitFileType = wrapper.application; includeInIndex = 0; path = Koniz.app; sourceTree = BUILT_PRODUCTS_DIR; };
		238ECB3226764EF80078F569 /* KonizTests.xctest */ = {isa = PBXFileReference; explicitFileType = wrapper.cfbundle; includeInIndex = 0; path = KonizTests.xctest; sourceTree = BUILT_PRODUCTS_DIR; };
		238ECB3626764EF80078F569 /* KonizTests.swift */ = {isa = PBXFileReference; lastKnownFileType = sourcecode.swift; path = KonizTests.swift; sourceTree = "<group>"; };
		238ECB3826764EF80078F569 /* Info.plist */ = {isa = PBXFileReference; lastKnownFileType = text.plist.xml; path = Info.plist; sourceTree = "<group>"; };
		238ECB3D26764EF80078F569 /* KonizUITests.xctest */ = {isa = PBXFileReference; explicitFileType = wrapper.cfbundle; includeInIndex = 0; path = KonizUITests.xctest; sourceTree = BUILT_PRODUCTS_DIR; };
		238ECB4126764EF80078F569 /* KonizUITests.swift */ = {isa = PBXFileReference; lastKnownFileType = sourcecode.swift; path = KonizUITests.swift; sourceTree = "<group>"; };
		238ECB4326764EF80078F569 /* Info.plist */ = {isa = PBXFileReference; lastKnownFileType = text.plist.xml; path = Info.plist; sourceTree = "<group>"; };
		238ECB7C2676530E0078F569 /* Base */ = {isa = PBXFileReference; lastKnownFileType = file.storyboard; name = Base; path = Base.lproj/Notes.storyboard; sourceTree = "<group>"; };
		238ECB7D2676530E0078F569 /* NotesViewController.swift */ = {isa = PBXFileReference; fileEncoding = 4; lastKnownFileType = sourcecode.swift; path = NotesViewController.swift; sourceTree = "<group>"; };
		238ECB7F2676530E0078F569 /* Assets.xcassets */ = {isa = PBXFileReference; lastKnownFileType = folder.assetcatalog; path = Assets.xcassets; sourceTree = "<group>"; };
		238ECB812676530E0078F569 /* Base */ = {isa = PBXFileReference; lastKnownFileType = file.storyboard; name = Base; path = Base.lproj/LaunchScreen.storyboard; sourceTree = "<group>"; };
		238ECB822676530E0078F569 /* AppDelegate.swift */ = {isa = PBXFileReference; fileEncoding = 4; lastKnownFileType = sourcecode.swift; path = AppDelegate.swift; sourceTree = "<group>"; };
		238ECB832676530E0078F569 /* Info.plist */ = {isa = PBXFileReference; fileEncoding = 4; lastKnownFileType = text.plist.xml; path = Info.plist; sourceTree = "<group>"; };
		238ECB92267653AB0078F569 /* UITableView+Extensions.swift */ = {isa = PBXFileReference; lastKnownFileType = sourcecode.swift; path = "UITableView+Extensions.swift"; sourceTree = "<group>"; };
		238ECB97267653C20078F569 /* UIView.swift */ = {isa = PBXFileReference; lastKnownFileType = sourcecode.swift; path = UIView.swift; sourceTree = "<group>"; };
		238ECB9C267655430078F569 /* NotesVC+TableViewDelegate.swift */ = {isa = PBXFileReference; lastKnownFileType = sourcecode.swift; path = "NotesVC+TableViewDelegate.swift"; sourceTree = "<group>"; };
		238ECBA6267655E60078F569 /* NoteCell.swift */ = {isa = PBXFileReference; lastKnownFileType = sourcecode.swift; path = NoteCell.swift; sourceTree = "<group>"; };
		238ECBA7267655E60078F569 /* NoteCell.xib */ = {isa = PBXFileReference; lastKnownFileType = file.xib; path = NoteCell.xib; sourceTree = "<group>"; };
		238ECBBA267662D40078F569 /* EmptyView.swift */ = {isa = PBXFileReference; lastKnownFileType = sourcecode.swift; path = EmptyView.swift; sourceTree = "<group>"; };
		238ECBC2267662DD0078F569 /* EmptyView.xib */ = {isa = PBXFileReference; lastKnownFileType = file.xib; path = EmptyView.xib; sourceTree = "<group>"; };
		238ECBC7267696E60078F569 /* UITextViewPlaceHolder.swift */ = {isa = PBXFileReference; lastKnownFileType = sourcecode.swift; path = UITextViewPlaceHolder.swift; sourceTree = "<group>"; };
		23E9146D2677969500B8BC61 /* NotesViewModel.swift */ = {isa = PBXFileReference; lastKnownFileType = sourcecode.swift; path = NotesViewModel.swift; sourceTree = "<group>"; };
		23E91472267812BE00B8BC61 /* UIViewController.swift */ = {isa = PBXFileReference; lastKnownFileType = sourcecode.swift; path = UIViewController.swift; sourceTree = "<group>"; };
		23ED8189267699CE003F00FE /* AddNoteViewController.swift */ = {isa = PBXFileReference; lastKnownFileType = sourcecode.swift; path = AddNoteViewController.swift; sourceTree = "<group>"; };
		23ED819F2676B17B003F00FE /* NoteObject.swift */ = {isa = PBXFileReference; lastKnownFileType = sourcecode.swift; path = NoteObject.swift; sourceTree = "<group>"; };
		23ED81A72676B95A003F00FE /* UIImage.swift */ = {isa = PBXFileReference; lastKnownFileType = sourcecode.swift; path = UIImage.swift; sourceTree = "<group>"; };
		23ED81AF2676C9DC003F00FE /* AddNoteVC+CLLocation.swift */ = {isa = PBXFileReference; lastKnownFileType = sourcecode.swift; path = "AddNoteVC+CLLocation.swift"; sourceTree = "<group>"; };
		23ED81C02676CD10003F00FE /* AddNoteViewModel.swift */ = {isa = PBXFileReference; fileEncoding = 4; lastKnownFileType = sourcecode.swift; path = AddNoteViewModel.swift; sourceTree = "<group>"; };
		23ED81C62676CE5F003F00FE /* RealmManager.swift */ = {isa = PBXFileReference; lastKnownFileType = sourcecode.swift; path = RealmManager.swift; sourceTree = "<group>"; };
		8A3DF6807900E3177493BAE9 /* Pods-KonizTests.debug.xcconfig */ = {isa = PBXFileReference; includeInIndex = 1; lastKnownFileType = text.xcconfig; name = "Pods-KonizTests.debug.xcconfig"; path = "Target Support Files/Pods-KonizTests/Pods-KonizTests.debug.xcconfig"; sourceTree = "<group>"; };
		8B3590BA771F13C19F2C0200 /* Pods-Koniz.release.xcconfig */ = {isa = PBXFileReference; includeInIndex = 1; lastKnownFileType = text.xcconfig; name = "Pods-Koniz.release.xcconfig"; path = "Target Support Files/Pods-Koniz/Pods-Koniz.release.xcconfig"; sourceTree = "<group>"; };
		9E5CFDA4F7740C91CC7F96B5 /* Pods-Koniz.debug.xcconfig */ = {isa = PBXFileReference; includeInIndex = 1; lastKnownFileType = text.xcconfig; name = "Pods-Koniz.debug.xcconfig"; path = "Target Support Files/Pods-Koniz/Pods-Koniz.debug.xcconfig"; sourceTree = "<group>"; };
		B86714D6F5103DA4264474C6 /* Pods-KonizTests.release.xcconfig */ = {isa = PBXFileReference; includeInIndex = 1; lastKnownFileType = text.xcconfig; name = "Pods-KonizTests.release.xcconfig"; path = "Target Support Files/Pods-KonizTests/Pods-KonizTests.release.xcconfig"; sourceTree = "<group>"; };
		C5896BDF96F69C039EA9DFC4 /* Pods_Koniz_KonizUITests.framework */ = {isa = PBXFileReference; explicitFileType = wrapper.framework; includeInIndex = 0; path = Pods_Koniz_KonizUITests.framework; sourceTree = BUILT_PRODUCTS_DIR; };
		CE0173B03CC86CC3171C1C76 /* Pods_Koniz.framework */ = {isa = PBXFileReference; explicitFileType = wrapper.framework; includeInIndex = 0; path = Pods_Koniz.framework; sourceTree = BUILT_PRODUCTS_DIR; };
		DF8E0E7E77EFA1EF778283C6 /* Pods-Koniz-KonizUITests.debug.xcconfig */ = {isa = PBXFileReference; includeInIndex = 1; lastKnownFileType = text.xcconfig; name = "Pods-Koniz-KonizUITests.debug.xcconfig"; path = "Target Support Files/Pods-Koniz-KonizUITests/Pods-Koniz-KonizUITests.debug.xcconfig"; sourceTree = "<group>"; };
/* End PBXFileReference section */

/* Begin PBXFrameworksBuildPhase section */
		238ECB1926764EF50078F569 /* Frameworks */ = {
			isa = PBXFrameworksBuildPhase;
			buildActionMask = 2147483647;
			files = (
				679653F1C83BDF723C9AF81B /* Pods_Koniz.framework in Frameworks */,
			);
			runOnlyForDeploymentPostprocessing = 0;
		};
		238ECB2F26764EF80078F569 /* Frameworks */ = {
			isa = PBXFrameworksBuildPhase;
			buildActionMask = 2147483647;
			files = (
				B54FDBAA85D20910456B9372 /* Pods_KonizTests.framework in Frameworks */,
			);
			runOnlyForDeploymentPostprocessing = 0;
		};
		238ECB3A26764EF80078F569 /* Frameworks */ = {
			isa = PBXFrameworksBuildPhase;
			buildActionMask = 2147483647;
			files = (
				8D6966185ED4D1758830CABB /* Pods_Koniz_KonizUITests.framework in Frameworks */,
			);
			runOnlyForDeploymentPostprocessing = 0;
		};
/* End PBXFrameworksBuildPhase section */

/* Begin PBXGroup section */
		238ECB1326764EF50078F569 = {
			isa = PBXGroup;
			children = (
				238ECB1E26764EF50078F569 /* Koniz */,
				238ECB3526764EF80078F569 /* KonizTests */,
				238ECB4026764EF80078F569 /* KonizUITests */,
				238ECB1D26764EF50078F569 /* Products */,
				3918F4ADCD7A05019225E01F /* Pods */,
				60E076B4396646E5C858B292 /* Frameworks */,
			);
			sourceTree = "<group>";
		};
		238ECB1D26764EF50078F569 /* Products */ = {
			isa = PBXGroup;
			children = (
				238ECB1C26764EF50078F569 /* Koniz.app */,
				238ECB3226764EF80078F569 /* KonizTests.xctest */,
				238ECB3D26764EF80078F569 /* KonizUITests.xctest */,
			);
			name = Products;
			sourceTree = "<group>";
		};
		238ECB1E26764EF50078F569 /* Koniz */ = {
			isa = PBXGroup;
			children = (
				238ECB842676530E0078F569 /* Helper */,
				238ECB7E2676530E0078F569 /* Resources */,
				238ECB792676530E0078F569 /* Controllers */,
			);
			path = Koniz;
			sourceTree = "<group>";
		};
		238ECB3526764EF80078F569 /* KonizTests */ = {
			isa = PBXGroup;
			children = (
				238ECB3626764EF80078F569 /* KonizTests.swift */,
				238ECB3826764EF80078F569 /* Info.plist */,
			);
			path = KonizTests;
			sourceTree = "<group>";
		};
		238ECB4026764EF80078F569 /* KonizUITests */ = {
			isa = PBXGroup;
			children = (
				238ECB4126764EF80078F569 /* KonizUITests.swift */,
				238ECB4326764EF80078F569 /* Info.plist */,
			);
			path = KonizUITests;
			sourceTree = "<group>";
		};
		238ECB792676530E0078F569 /* Controllers */ = {
			isa = PBXGroup;
			children = (
				238ECBB8267662AC0078F569 /* Empty TableView */,
				23ED819A2676B15F003F00FE /* Home */,
			);
			path = Controllers;
			sourceTree = "<group>";
		};
		238ECB7A2676530E0078F569 /* View */ = {
			isa = PBXGroup;
			children = (
				238ECB7B2676530E0078F569 /* Notes.storyboard */,
				238ECBA1267655A80078F569 /* List Notes */,
				23ED8188267699A7003F00FE /* Add Note */,
			);
			path = View;
			sourceTree = "<group>";
		};
		238ECB7E2676530E0078F569 /* Resources */ = {
			isa = PBXGroup;
			children = (
				238ECB7F2676530E0078F569 /* Assets.xcassets */,
				238ECB802676530E0078F569 /* LaunchScreen.storyboard */,
				238ECB822676530E0078F569 /* AppDelegate.swift */,
				238ECB832676530E0078F569 /* Info.plist */,
			);
			path = Resources;
			sourceTree = "<group>";
		};
		238ECB842676530E0078F569 /* Helper */ = {
			isa = PBXGroup;
			children = (
				23ED81C52676CE4D003F00FE /* Main Classes */,
				238ECB912676539A0078F569 /* Extensions */,
			);
			path = Helper;
			sourceTree = "<group>";
		};
		238ECB912676539A0078F569 /* Extensions */ = {
			isa = PBXGroup;
			children = (
				238ECB92267653AB0078F569 /* UITableView+Extensions.swift */,
				238ECB97267653C20078F569 /* UIView.swift */,
				238ECBC7267696E60078F569 /* UITextViewPlaceHolder.swift */,
				23ED81A72676B95A003F00FE /* UIImage.swift */,
				23E91472267812BE00B8BC61 /* UIViewController.swift */,
			);
			path = Extensions;
			sourceTree = "<group>";
		};
		238ECBA1267655A80078F569 /* List Notes */ = {
			isa = PBXGroup;
			children = (
				238ECBA5267655CE0078F569 /* Cell */,
				238ECB7D2676530E0078F569 /* NotesViewController.swift */,
				238ECB9C267655430078F569 /* NotesVC+TableViewDelegate.swift */,
				232CDEBE267A1DC1001BCD54 /* NotesVC+CLLocation.swift */,
			);
			path = "List Notes";
			sourceTree = "<group>";
		};
		238ECBA5267655CE0078F569 /* Cell */ = {
			isa = PBXGroup;
			children = (
				238ECBA6267655E60078F569 /* NoteCell.swift */,
				238ECBA7267655E60078F569 /* NoteCell.xib */,
			);
			path = Cell;
			sourceTree = "<group>";
		};
		238ECBB8267662AC0078F569 /* Empty TableView */ = {
			isa = PBXGroup;
			children = (
				238ECBB9267662B90078F569 /* View */,
			);
			path = "Empty TableView";
			sourceTree = "<group>";
		};
		238ECBB9267662B90078F569 /* View */ = {
			isa = PBXGroup;
			children = (
				238ECBBA267662D40078F569 /* EmptyView.swift */,
				238ECBC2267662DD0078F569 /* EmptyView.xib */,
			);
			path = View;
			sourceTree = "<group>";
		};
		23ED8188267699A7003F00FE /* Add Note */ = {
			isa = PBXGroup;
			children = (
				23ED8189267699CE003F00FE /* AddNoteViewController.swift */,
				23ED81AF2676C9DC003F00FE /* AddNoteVC+CLLocation.swift */,
				232CDEBA267A0C86001BCD54 /* AddNoteVC+ImagePicker.swift */,
			);
			path = "Add Note";
			sourceTree = "<group>";
		};
		23ED819A2676B15F003F00FE /* Home */ = {
			isa = PBXGroup;
			children = (
				23ED81B42676CCA9003F00FE /* View Model */,
				23ED819E2676B16B003F00FE /* Model */,
				238ECB7A2676530E0078F569 /* View */,
			);
			path = Home;
			sourceTree = "<group>";
		};
		23ED819E2676B16B003F00FE /* Model */ = {
			isa = PBXGroup;
			children = (
				23ED819F2676B17B003F00FE /* NoteObject.swift */,
			);
			path = Model;
			sourceTree = "<group>";
		};
		23ED81B42676CCA9003F00FE /* View Model */ = {
			isa = PBXGroup;
			children = (
				23ED81C02676CD10003F00FE /* AddNoteViewModel.swift */,
				23E9146D2677969500B8BC61 /* NotesViewModel.swift */,
			);
			path = "View Model";
			sourceTree = "<group>";
		};
		23ED81C52676CE4D003F00FE /* Main Classes */ = {
			isa = PBXGroup;
			children = (
				23ED81C62676CE5F003F00FE /* RealmManager.swift */,
			);
			path = "Main Classes";
			sourceTree = "<group>";
		};
		3918F4ADCD7A05019225E01F /* Pods */ = {
			isa = PBXGroup;
			children = (
				9E5CFDA4F7740C91CC7F96B5 /* Pods-Koniz.debug.xcconfig */,
				8B3590BA771F13C19F2C0200 /* Pods-Koniz.release.xcconfig */,
				DF8E0E7E77EFA1EF778283C6 /* Pods-Koniz-KonizUITests.debug.xcconfig */,
				0A968E57353D6A18D844956A /* Pods-Koniz-KonizUITests.release.xcconfig */,
				8A3DF6807900E3177493BAE9 /* Pods-KonizTests.debug.xcconfig */,
				B86714D6F5103DA4264474C6 /* Pods-KonizTests.release.xcconfig */,
			);
			path = Pods;
			sourceTree = "<group>";
		};
		60E076B4396646E5C858B292 /* Frameworks */ = {
			isa = PBXGroup;
			children = (
				CE0173B03CC86CC3171C1C76 /* Pods_Koniz.framework */,
				C5896BDF96F69C039EA9DFC4 /* Pods_Koniz_KonizUITests.framework */,
				00805729676A99186CB670C8 /* Pods_KonizTests.framework */,
			);
			name = Frameworks;
			sourceTree = "<group>";
		};
/* End PBXGroup section */

/* Begin PBXNativeTarget section */
		238ECB1B26764EF50078F569 /* Koniz */ = {
			isa = PBXNativeTarget;
			buildConfigurationList = 238ECB4626764EF80078F569 /* Build configuration list for PBXNativeTarget "Koniz" */;
			buildPhases = (
				E0192F8C8E7009F2B94EE696 /* [CP] Check Pods Manifest.lock */,
				238ECB1826764EF50078F569 /* Sources */,
				238ECB1926764EF50078F569 /* Frameworks */,
				238ECB1A26764EF50078F569 /* Resources */,
				603B915039623AB77573A953 /* [CP] Embed Pods Frameworks */,
			);
			buildRules = (
			);
			dependencies = (
			);
			name = Koniz;
			productName = Koniz;
			productReference = 238ECB1C26764EF50078F569 /* Koniz.app */;
			productType = "com.apple.product-type.application";
		};
		238ECB3126764EF80078F569 /* KonizTests */ = {
			isa = PBXNativeTarget;
			buildConfigurationList = 238ECB4926764EF80078F569 /* Build configuration list for PBXNativeTarget "KonizTests" */;
			buildPhases = (
				341CEC19F38AC23BEEC3A462 /* [CP] Check Pods Manifest.lock */,
				238ECB2E26764EF80078F569 /* Sources */,
				238ECB2F26764EF80078F569 /* Frameworks */,
				238ECB3026764EF80078F569 /* Resources */,
			);
			buildRules = (
			);
			dependencies = (
				238ECB3426764EF80078F569 /* PBXTargetDependency */,
			);
			name = KonizTests;
			productName = KonizTests;
			productReference = 238ECB3226764EF80078F569 /* KonizTests.xctest */;
			productType = "com.apple.product-type.bundle.unit-test";
		};
		238ECB3C26764EF80078F569 /* KonizUITests */ = {
			isa = PBXNativeTarget;
			buildConfigurationList = 238ECB4C26764EF80078F569 /* Build configuration list for PBXNativeTarget "KonizUITests" */;
			buildPhases = (
				144969A0B8B86D5B5FBE8C3B /* [CP] Check Pods Manifest.lock */,
				238ECB3926764EF80078F569 /* Sources */,
				238ECB3A26764EF80078F569 /* Frameworks */,
				238ECB3B26764EF80078F569 /* Resources */,
				51630EE31057FD3F8ACA9CD2 /* [CP] Embed Pods Frameworks */,
			);
			buildRules = (
			);
			dependencies = (
				238ECB3F26764EF80078F569 /* PBXTargetDependency */,
			);
			name = KonizUITests;
			productName = KonizUITests;
			productReference = 238ECB3D26764EF80078F569 /* KonizUITests.xctest */;
			productType = "com.apple.product-type.bundle.ui-testing";
		};
/* End PBXNativeTarget section */

/* Begin PBXProject section */
		238ECB1426764EF50078F569 /* Project object */ = {
			isa = PBXProject;
			attributes = {
				LastSwiftUpdateCheck = 1230;
				LastUpgradeCheck = 1230;
				TargetAttributes = {
					238ECB1B26764EF50078F569 = {
						CreatedOnToolsVersion = 12.3;
					};
					238ECB3126764EF80078F569 = {
						CreatedOnToolsVersion = 12.3;
						TestTargetID = 238ECB1B26764EF50078F569;
					};
					238ECB3C26764EF80078F569 = {
						CreatedOnToolsVersion = 12.3;
						TestTargetID = 238ECB1B26764EF50078F569;
					};
				};
			};
			buildConfigurationList = 238ECB1726764EF50078F569 /* Build configuration list for PBXProject "Koniz" */;
			compatibilityVersion = "Xcode 9.3";
			developmentRegion = en;
			hasScannedForEncodings = 0;
			knownRegions = (
				en,
				Base,
			);
			mainGroup = 238ECB1326764EF50078F569;
			productRefGroup = 238ECB1D26764EF50078F569 /* Products */;
			projectDirPath = "";
			projectRoot = "";
			targets = (
				238ECB1B26764EF50078F569 /* Koniz */,
				238ECB3126764EF80078F569 /* KonizTests */,
				238ECB3C26764EF80078F569 /* KonizUITests */,
			);
		};
/* End PBXProject section */

/* Begin PBXResourcesBuildPhase section */
		238ECB1A26764EF50078F569 /* Resources */ = {
			isa = PBXResourcesBuildPhase;
			buildActionMask = 2147483647;
			files = (
				238ECBA9267655E60078F569 /* NoteCell.xib in Resources */,
				238ECB882676530E0078F569 /* LaunchScreen.storyboard in Resources */,
				238ECB872676530E0078F569 /* Assets.xcassets in Resources */,
				238ECB852676530E0078F569 /* Notes.storyboard in Resources */,
				238ECBC3267662DD0078F569 /* EmptyView.xib in Resources */,
			);
			runOnlyForDeploymentPostprocessing = 0;
		};
		238ECB3026764EF80078F569 /* Resources */ = {
			isa = PBXResourcesBuildPhase;
			buildActionMask = 2147483647;
			files = (
			);
			runOnlyForDeploymentPostprocessing = 0;
		};
		238ECB3B26764EF80078F569 /* Resources */ = {
			isa = PBXResourcesBuildPhase;
			buildActionMask = 2147483647;
			files = (
			);
			runOnlyForDeploymentPostprocessing = 0;
		};
/* End PBXResourcesBuildPhase section */

/* Begin PBXShellScriptBuildPhase section */
		144969A0B8B86D5B5FBE8C3B /* [CP] Check Pods Manifest.lock */ = {
			isa = PBXShellScriptBuildPhase;
			buildActionMask = 2147483647;
			files = (
			);
			inputFileListPaths = (
			);
			inputPaths = (
				"${PODS_PODFILE_DIR_PATH}/Podfile.lock",
				"${PODS_ROOT}/Manifest.lock",
			);
			name = "[CP] Check Pods Manifest.lock";
			outputFileListPaths = (
			);
			outputPaths = (
				"$(DERIVED_FILE_DIR)/Pods-Koniz-KonizUITests-checkManifestLockResult.txt",
			);
			runOnlyForDeploymentPostprocessing = 0;
			shellPath = /bin/sh;
			shellScript = "diff \"${PODS_PODFILE_DIR_PATH}/Podfile.lock\" \"${PODS_ROOT}/Manifest.lock\" > /dev/null\nif [ $? != 0 ] ; then\n    # print error to STDERR\n    echo \"error: The sandbox is not in sync with the Podfile.lock. Run 'pod install' or update your CocoaPods installation.\" >&2\n    exit 1\nfi\n# This output is used by Xcode 'outputs' to avoid re-running this script phase.\necho \"SUCCESS\" > \"${SCRIPT_OUTPUT_FILE_0}\"\n";
			showEnvVarsInLog = 0;
		};
		341CEC19F38AC23BEEC3A462 /* [CP] Check Pods Manifest.lock */ = {
			isa = PBXShellScriptBuildPhase;
			buildActionMask = 2147483647;
			files = (
			);
			inputFileListPaths = (
			);
			inputPaths = (
				"${PODS_PODFILE_DIR_PATH}/Podfile.lock",
				"${PODS_ROOT}/Manifest.lock",
			);
			name = "[CP] Check Pods Manifest.lock";
			outputFileListPaths = (
			);
			outputPaths = (
				"$(DERIVED_FILE_DIR)/Pods-KonizTests-checkManifestLockResult.txt",
			);
			runOnlyForDeploymentPostprocessing = 0;
			shellPath = /bin/sh;
			shellScript = "diff \"${PODS_PODFILE_DIR_PATH}/Podfile.lock\" \"${PODS_ROOT}/Manifest.lock\" > /dev/null\nif [ $? != 0 ] ; then\n    # print error to STDERR\n    echo \"error: The sandbox is not in sync with the Podfile.lock. Run 'pod install' or update your CocoaPods installation.\" >&2\n    exit 1\nfi\n# This output is used by Xcode 'outputs' to avoid re-running this script phase.\necho \"SUCCESS\" > \"${SCRIPT_OUTPUT_FILE_0}\"\n";
			showEnvVarsInLog = 0;
		};
		51630EE31057FD3F8ACA9CD2 /* [CP] Embed Pods Frameworks */ = {
			isa = PBXShellScriptBuildPhase;
			buildActionMask = 2147483647;
			files = (
			);
			inputFileListPaths = (
				"${PODS_ROOT}/Target Support Files/Pods-Koniz-KonizUITests/Pods-Koniz-KonizUITests-frameworks-${CONFIGURATION}-input-files.xcfilelist",
			);
			name = "[CP] Embed Pods Frameworks";
			outputFileListPaths = (
				"${PODS_ROOT}/Target Support Files/Pods-Koniz-KonizUITests/Pods-Koniz-KonizUITests-frameworks-${CONFIGURATION}-output-files.xcfilelist",
			);
			runOnlyForDeploymentPostprocessing = 0;
			shellPath = /bin/sh;
			shellScript = "\"${PODS_ROOT}/Target Support Files/Pods-Koniz-KonizUITests/Pods-Koniz-KonizUITests-frameworks.sh\"\n";
			showEnvVarsInLog = 0;
		};
		603B915039623AB77573A953 /* [CP] Embed Pods Frameworks */ = {
			isa = PBXShellScriptBuildPhase;
			buildActionMask = 2147483647;
			files = (
			);
			inputFileListPaths = (
				"${PODS_ROOT}/Target Support Files/Pods-Koniz/Pods-Koniz-frameworks-${CONFIGURATION}-input-files.xcfilelist",
			);
			name = "[CP] Embed Pods Frameworks";
			outputFileListPaths = (
				"${PODS_ROOT}/Target Support Files/Pods-Koniz/Pods-Koniz-frameworks-${CONFIGURATION}-output-files.xcfilelist",
			);
			runOnlyForDeploymentPostprocessing = 0;
			shellPath = /bin/sh;
			shellScript = "\"${PODS_ROOT}/Target Support Files/Pods-Koniz/Pods-Koniz-frameworks.sh\"\n";
			showEnvVarsInLog = 0;
		};
		E0192F8C8E7009F2B94EE696 /* [CP] Check Pods Manifest.lock */ = {
			isa = PBXShellScriptBuildPhase;
			buildActionMask = 2147483647;
			files = (
			);
			inputFileListPaths = (
			);
			inputPaths = (
				"${PODS_PODFILE_DIR_PATH}/Podfile.lock",
				"${PODS_ROOT}/Manifest.lock",
			);
			name = "[CP] Check Pods Manifest.lock";
			outputFileListPaths = (
			);
			outputPaths = (
				"$(DERIVED_FILE_DIR)/Pods-Koniz-checkManifestLockResult.txt",
			);
			runOnlyForDeploymentPostprocessing = 0;
			shellPath = /bin/sh;
			shellScript = "diff \"${PODS_PODFILE_DIR_PATH}/Podfile.lock\" \"${PODS_ROOT}/Manifest.lock\" > /dev/null\nif [ $? != 0 ] ; then\n    # print error to STDERR\n    echo \"error: The sandbox is not in sync with the Podfile.lock. Run 'pod install' or update your CocoaPods installation.\" >&2\n    exit 1\nfi\n# This output is used by Xcode 'outputs' to avoid re-running this script phase.\necho \"SUCCESS\" > \"${SCRIPT_OUTPUT_FILE_0}\"\n";
			showEnvVarsInLog = 0;
		};
/* End PBXShellScriptBuildPhase section */

/* Begin PBXSourcesBuildPhase section */
		238ECB1826764EF50078F569 /* Sources */ = {
			isa = PBXSourcesBuildPhase;
			buildActionMask = 2147483647;
			files = (
				23ED81B02676C9DC003F00FE /* AddNoteVC+CLLocation.swift in Sources */,
				238ECB98267653C20078F569 /* UIView.swift in Sources */,
				238ECB93267653AB0078F569 /* UITableView+Extensions.swift in Sources */,
				232CDEBB267A0C86001BCD54 /* AddNoteVC+ImagePicker.swift in Sources */,
				23ED81A82676B95A003F00FE /* UIImage.swift in Sources */,
				23ED818A267699CE003F00FE /* AddNoteViewController.swift in Sources */,
				23ED81C72676CE5F003F00FE /* RealmManager.swift in Sources */,
				238ECB892676530E0078F569 /* AppDelegate.swift in Sources */,
				23ED81C12676CD10003F00FE /* AddNoteViewModel.swift in Sources */,
				23ED81A02676B17B003F00FE /* NoteObject.swift in Sources */,
				238ECBA8267655E60078F569 /* NoteCell.swift in Sources */,
				238ECB862676530E0078F569 /* NotesViewController.swift in Sources */,
				232CDEBF267A1DC1001BCD54 /* NotesVC+CLLocation.swift in Sources */,
				23E9146E2677969500B8BC61 /* NotesViewModel.swift in Sources */,
				238ECBBB267662D40078F569 /* EmptyView.swift in Sources */,
				238ECB9D267655430078F569 /* NotesVC+TableViewDelegate.swift in Sources */,
				23E91473267812BE00B8BC61 /* UIViewController.swift in Sources */,
				238ECBC8267696E60078F569 /* UITextViewPlaceHolder.swift in Sources */,
			);
			runOnlyForDeploymentPostprocessing = 0;
		};
		238ECB2E26764EF80078F569 /* Sources */ = {
			isa = PBXSourcesBuildPhase;
			buildActionMask = 2147483647;
			files = (
				238ECB3726764EF80078F569 /* KonizTests.swift in Sources */,
			);
			runOnlyForDeploymentPostprocessing = 0;
		};
		238ECB3926764EF80078F569 /* Sources */ = {
			isa = PBXSourcesBuildPhase;
			buildActionMask = 2147483647;
			files = (
				238ECB4226764EF80078F569 /* KonizUITests.swift in Sources */,
			);
			runOnlyForDeploymentPostprocessing = 0;
		};
/* End PBXSourcesBuildPhase section */

/* Begin PBXTargetDependency section */
		238ECB3426764EF80078F569 /* PBXTargetDependency */ = {
			isa = PBXTargetDependency;
			target = 238ECB1B26764EF50078F569 /* Koniz */;
			targetProxy = 238ECB3326764EF80078F569 /* PBXContainerItemProxy */;
		};
		238ECB3F26764EF80078F569 /* PBXTargetDependency */ = {
			isa = PBXTargetDependency;
			target = 238ECB1B26764EF50078F569 /* Koniz */;
			targetProxy = 238ECB3E26764EF80078F569 /* PBXContainerItemProxy */;
		};
/* End PBXTargetDependency section */

/* Begin PBXVariantGroup section */
		238ECB7B2676530E0078F569 /* Notes.storyboard */ = {
			isa = PBXVariantGroup;
			children = (
				238ECB7C2676530E0078F569 /* Base */,
			);
			name = Notes.storyboard;
			sourceTree = "<group>";
		};
		238ECB802676530E0078F569 /* LaunchScreen.storyboard */ = {
			isa = PBXVariantGroup;
			children = (
				238ECB812676530E0078F569 /* Base */,
			);
			name = LaunchScreen.storyboard;
			sourceTree = "<group>";
		};
/* End PBXVariantGroup section */

/* Begin XCBuildConfiguration section */
		238ECB4426764EF80078F569 /* Debug */ = {
			isa = XCBuildConfiguration;
			buildSettings = {
				ALWAYS_SEARCH_USER_PATHS = NO;
				CLANG_ANALYZER_NONNULL = YES;
				CLANG_ANALYZER_NUMBER_OBJECT_CONVERSION = YES_AGGRESSIVE;
				CLANG_CXX_LANGUAGE_STANDARD = "gnu++14";
				CLANG_CXX_LIBRARY = "libc++";
				CLANG_ENABLE_MODULES = YES;
				CLANG_ENABLE_OBJC_ARC = YES;
				CLANG_ENABLE_OBJC_WEAK = YES;
				CLANG_WARN_BLOCK_CAPTURE_AUTORELEASING = YES;
				CLANG_WARN_BOOL_CONVERSION = YES;
				CLANG_WARN_COMMA = YES;
				CLANG_WARN_CONSTANT_CONVERSION = YES;
				CLANG_WARN_DEPRECATED_OBJC_IMPLEMENTATIONS = YES;
				CLANG_WARN_DIRECT_OBJC_ISA_USAGE = YES_ERROR;
				CLANG_WARN_DOCUMENTATION_COMMENTS = YES;
				CLANG_WARN_EMPTY_BODY = YES;
				CLANG_WARN_ENUM_CONVERSION = YES;
				CLANG_WARN_INFINITE_RECURSION = YES;
				CLANG_WARN_INT_CONVERSION = YES;
				CLANG_WARN_NON_LITERAL_NULL_CONVERSION = YES;
				CLANG_WARN_OBJC_IMPLICIT_RETAIN_SELF = YES;
				CLANG_WARN_OBJC_LITERAL_CONVERSION = YES;
				CLANG_WARN_OBJC_ROOT_CLASS = YES_ERROR;
				CLANG_WARN_QUOTED_INCLUDE_IN_FRAMEWORK_HEADER = YES;
				CLANG_WARN_RANGE_LOOP_ANALYSIS = YES;
				CLANG_WARN_STRICT_PROTOTYPES = YES;
				CLANG_WARN_SUSPICIOUS_MOVE = YES;
				CLANG_WARN_UNGUARDED_AVAILABILITY = YES_AGGRESSIVE;
				CLANG_WARN_UNREACHABLE_CODE = YES;
				CLANG_WARN__DUPLICATE_METHOD_MATCH = YES;
				COPY_PHASE_STRIP = NO;
				DEBUG_INFORMATION_FORMAT = dwarf;
				ENABLE_STRICT_OBJC_MSGSEND = YES;
				ENABLE_TESTABILITY = YES;
				GCC_C_LANGUAGE_STANDARD = gnu11;
				GCC_DYNAMIC_NO_PIC = NO;
				GCC_NO_COMMON_BLOCKS = YES;
				GCC_OPTIMIZATION_LEVEL = 0;
				GCC_PREPROCESSOR_DEFINITIONS = (
					"DEBUG=1",
					"$(inherited)",
				);
				GCC_WARN_64_TO_32_BIT_CONVERSION = YES;
				GCC_WARN_ABOUT_RETURN_TYPE = YES_ERROR;
				GCC_WARN_UNDECLARED_SELECTOR = YES;
				GCC_WARN_UNINITIALIZED_AUTOS = YES_AGGRESSIVE;
				GCC_WARN_UNUSED_FUNCTION = YES;
				GCC_WARN_UNUSED_VARIABLE = YES;
				IPHONEOS_DEPLOYMENT_TARGET = 12.0;
				MTL_ENABLE_DEBUG_INFO = INCLUDE_SOURCE;
				MTL_FAST_MATH = YES;
				ONLY_ACTIVE_ARCH = YES;
				SDKROOT = iphoneos;
				SWIFT_ACTIVE_COMPILATION_CONDITIONS = DEBUG;
				SWIFT_OPTIMIZATION_LEVEL = "-Onone";
			};
			name = Debug;
		};
		238ECB4526764EF80078F569 /* Release */ = {
			isa = XCBuildConfiguration;
			buildSettings = {
				ALWAYS_SEARCH_USER_PATHS = NO;
				CLANG_ANALYZER_NONNULL = YES;
				CLANG_ANALYZER_NUMBER_OBJECT_CONVERSION = YES_AGGRESSIVE;
				CLANG_CXX_LANGUAGE_STANDARD = "gnu++14";
				CLANG_CXX_LIBRARY = "libc++";
				CLANG_ENABLE_MODULES = YES;
				CLANG_ENABLE_OBJC_ARC = YES;
				CLANG_ENABLE_OBJC_WEAK = YES;
				CLANG_WARN_BLOCK_CAPTURE_AUTORELEASING = YES;
				CLANG_WARN_BOOL_CONVERSION = YES;
				CLANG_WARN_COMMA = YES;
				CLANG_WARN_CONSTANT_CONVERSION = YES;
				CLANG_WARN_DEPRECATED_OBJC_IMPLEMENTATIONS = YES;
				CLANG_WARN_DIRECT_OBJC_ISA_USAGE = YES_ERROR;
				CLANG_WARN_DOCUMENTATION_COMMENTS = YES;
				CLANG_WARN_EMPTY_BODY = YES;
				CLANG_WARN_ENUM_CONVERSION = YES;
				CLANG_WARN_INFINITE_RECURSION = YES;
				CLANG_WARN_INT_CONVERSION = YES;
				CLANG_WARN_NON_LITERAL_NULL_CONVERSION = YES;
				CLANG_WARN_OBJC_IMPLICIT_RETAIN_SELF = YES;
				CLANG_WARN_OBJC_LITERAL_CONVERSION = YES;
				CLANG_WARN_OBJC_ROOT_CLASS = YES_ERROR;
				CLANG_WARN_QUOTED_INCLUDE_IN_FRAMEWORK_HEADER = YES;
				CLANG_WARN_RANGE_LOOP_ANALYSIS = YES;
				CLANG_WARN_STRICT_PROTOTYPES = YES;
				CLANG_WARN_SUSPICIOUS_MOVE = YES;
				CLANG_WARN_UNGUARDED_AVAILABILITY = YES_AGGRESSIVE;
				CLANG_WARN_UNREACHABLE_CODE = YES;
				CLANG_WARN__DUPLICATE_METHOD_MATCH = YES;
				COPY_PHASE_STRIP = NO;
				DEBUG_INFORMATION_FORMAT = "dwarf-with-dsym";
				ENABLE_NS_ASSERTIONS = NO;
				ENABLE_STRICT_OBJC_MSGSEND = YES;
				GCC_C_LANGUAGE_STANDARD = gnu11;
				GCC_NO_COMMON_BLOCKS = YES;
				GCC_WARN_64_TO_32_BIT_CONVERSION = YES;
				GCC_WARN_ABOUT_RETURN_TYPE = YES_ERROR;
				GCC_WARN_UNDECLARED_SELECTOR = YES;
				GCC_WARN_UNINITIALIZED_AUTOS = YES_AGGRESSIVE;
				GCC_WARN_UNUSED_FUNCTION = YES;
				GCC_WARN_UNUSED_VARIABLE = YES;
				IPHONEOS_DEPLOYMENT_TARGET = 12.0;
				MTL_ENABLE_DEBUG_INFO = NO;
				MTL_FAST_MATH = YES;
				SDKROOT = iphoneos;
				SWIFT_COMPILATION_MODE = wholemodule;
				SWIFT_OPTIMIZATION_LEVEL = "-O";
				VALIDATE_PRODUCT = YES;
			};
			name = Release;
		};
		238ECB4726764EF80078F569 /* Debug */ = {
			isa = XCBuildConfiguration;
			baseConfigurationReference = 9E5CFDA4F7740C91CC7F96B5 /* Pods-Koniz.debug.xcconfig */;
			buildSettings = {
				ASSETCATALOG_COMPILER_APPICON_NAME = AppIcon;
				ASSETCATALOG_COMPILER_GLOBAL_ACCENT_COLOR_NAME = AccentColor;
				CODE_SIGN_STYLE = Automatic;
				DEVELOPMENT_TEAM = VQU76VH8CY;
				INFOPLIST_FILE = Koniz/Resources/Info.plist;
				LD_RUNPATH_SEARCH_PATHS = (
					"$(inherited)",
					"@executable_path/Frameworks",
				);
				PRODUCT_BUNDLE_IDENTIFIER = com.Nowpay.Koniz;
				PRODUCT_NAME = "$(TARGET_NAME)";
				SWIFT_VERSION = 5.0;
				TARGETED_DEVICE_FAMILY = "1,2";
			};
			name = Debug;
		};
		238ECB4826764EF80078F569 /* Release */ = {
			isa = XCBuildConfiguration;
			baseConfigurationReference = 8B3590BA771F13C19F2C0200 /* Pods-Koniz.release.xcconfig */;
			buildSettings = {
				ASSETCATALOG_COMPILER_APPICON_NAME = AppIcon;
				ASSETCATALOG_COMPILER_GLOBAL_ACCENT_COLOR_NAME = AccentColor;
				CODE_SIGN_STYLE = Automatic;
				DEVELOPMENT_TEAM = VQU76VH8CY;
				INFOPLIST_FILE = Koniz/Resources/Info.plist;
				LD_RUNPATH_SEARCH_PATHS = (
					"$(inherited)",
					"@executable_path/Frameworks",
				);
				PRODUCT_BUNDLE_IDENTIFIER = com.Nowpay.Koniz;
				PRODUCT_NAME = "$(TARGET_NAME)";
				SWIFT_VERSION = 5.0;
				TARGETED_DEVICE_FAMILY = "1,2";
			};
			name = Release;
		};
		238ECB4A26764EF80078F569 /* Debug */ = {
			isa = XCBuildConfiguration;
			baseConfigurationReference = 8A3DF6807900E3177493BAE9 /* Pods-KonizTests.debug.xcconfig */;
			buildSettings = {
				ALWAYS_EMBED_SWIFT_STANDARD_LIBRARIES = YES;
				BUNDLE_LOADER = "$(TEST_HOST)";
				CODE_SIGN_STYLE = Automatic;
				DEVELOPMENT_TEAM = VQU76VH8CY;
				INFOPLIST_FILE = KonizTests/Info.plist;
				IPHONEOS_DEPLOYMENT_TARGET = 14.3;
				LD_RUNPATH_SEARCH_PATHS = (
					"$(inherited)",
					"@executable_path/Frameworks",
					"@loader_path/Frameworks",
				);
				PRODUCT_BUNDLE_IDENTIFIER = com.Nowpay.KonizTests;
				PRODUCT_NAME = "$(TARGET_NAME)";
				SWIFT_VERSION = 5.0;
				TARGETED_DEVICE_FAMILY = "1,2";
				TEST_HOST = "$(BUILT_PRODUCTS_DIR)/Koniz.app/Koniz";
			};
			name = Debug;
		};
		238ECB4B26764EF80078F569 /* Release */ = {
			isa = XCBuildConfiguration;
			baseConfigurationReference = B86714D6F5103DA4264474C6 /* Pods-KonizTests.release.xcconfig */;
			buildSettings = {
				ALWAYS_EMBED_SWIFT_STANDARD_LIBRARIES = YES;
				BUNDLE_LOADER = "$(TEST_HOST)";
				CODE_SIGN_STYLE = Automatic;
				DEVELOPMENT_TEAM = VQU76VH8CY;
				INFOPLIST_FILE = KonizTests/Info.plist;
				IPHONEOS_DEPLOYMENT_TARGET = 14.3;
				LD_RUNPATH_SEARCH_PATHS = (
					"$(inherited)",
					"@executable_path/Frameworks",
					"@loader_path/Frameworks",
				);
				PRODUCT_BUNDLE_IDENTIFIER = com.Nowpay.KonizTests;
				PRODUCT_NAME = "$(TARGET_NAME)";
				SWIFT_VERSION = 5.0;
				TARGETED_DEVICE_FAMILY = "1,2";
				TEST_HOST = "$(BUILT_PRODUCTS_DIR)/Koniz.app/Koniz";
			};
			name = Release;
		};
		238ECB4D26764EF80078F569 /* Debug */ = {
			isa = XCBuildConfiguration;
			baseConfigurationReference = DF8E0E7E77EFA1EF778283C6 /* Pods-Koniz-KonizUITests.debug.xcconfig */;
			buildSettings = {
				ALWAYS_EMBED_SWIFT_STANDARD_LIBRARIES = YES;
				CODE_SIGN_STYLE = Automatic;
				DEVELOPMENT_TEAM = VQU76VH8CY;
				INFOPLIST_FILE = KonizUITests/Info.plist;
				LD_RUNPATH_SEARCH_PATHS = (
					"$(inherited)",
					"@executable_path/Frameworks",
					"@loader_path/Frameworks",
				);
				PRODUCT_BUNDLE_IDENTIFIER = com.Nowpay.KonizUITests;
				PRODUCT_NAME = "$(TARGET_NAME)";
				SWIFT_VERSION = 5.0;
				TARGETED_DEVICE_FAMILY = "1,2";
				TEST_TARGET_NAME = Koniz;
			};
			name = Debug;
		};
		238ECB4E26764EF80078F569 /* Release */ = {
			isa = XCBuildConfiguration;
			baseConfigurationReference = 0A968E57353D6A18D844956A /* Pods-Koniz-KonizUITests.release.xcconfig */;
			buildSettings = {
				ALWAYS_EMBED_SWIFT_STANDARD_LIBRARIES = YES;
				CODE_SIGN_STYLE = Automatic;
				DEVELOPMENT_TEAM = VQU76VH8CY;
				INFOPLIST_FILE = KonizUITests/Info.plist;
				LD_RUNPATH_SEARCH_PATHS = (
					"$(inherited)",
					"@executable_path/Frameworks",
					"@loader_path/Frameworks",
				);
				PRODUCT_BUNDLE_IDENTIFIER = com.Nowpay.KonizUITests;
				PRODUCT_NAME = "$(TARGET_NAME)";
				SWIFT_VERSION = 5.0;
				TARGETED_DEVICE_FAMILY = "1,2";
				TEST_TARGET_NAME = Koniz;
			};
			name = Release;
		};
/* End XCBuildConfiguration section */

/* Begin XCConfigurationList section */
		238ECB1726764EF50078F569 /* Build configuration list for PBXProject "Koniz" */ = {
			isa = XCConfigurationList;
			buildConfigurations = (
				238ECB4426764EF80078F569 /* Debug */,
				238ECB4526764EF80078F569 /* Release */,
			);
			defaultConfigurationIsVisible = 0;
			defaultConfigurationName = Release;
		};
		238ECB4626764EF80078F569 /* Build configuration list for PBXNativeTarget "Koniz" */ = {
			isa = XCConfigurationList;
			buildConfigurations = (
				238ECB4726764EF80078F569 /* Debug */,
				238ECB4826764EF80078F569 /* Release */,
			);
			defaultConfigurationIsVisible = 0;
			defaultConfigurationName = Release;
		};
		238ECB4926764EF80078F569 /* Build configuration list for PBXNativeTarget "KonizTests" */ = {
			isa = XCConfigurationList;
			buildConfigurations = (
				238ECB4A26764EF80078F569 /* Debug */,
				238ECB4B26764EF80078F569 /* Release */,
			);
			defaultConfigurationIsVisible = 0;
			defaultConfigurationName = Release;
		};
		238ECB4C26764EF80078F569 /* Build configuration list for PBXNativeTarget "KonizUITests" */ = {
			isa = XCConfigurationList;
			buildConfigurations = (
				238ECB4D26764EF80078F569 /* Debug */,
				238ECB4E26764EF80078F569 /* Release */,
			);
			defaultConfigurationIsVisible = 0;
			defaultConfigurationName = Release;
		};
/* End XCConfigurationList section */
	};
	rootObject = 238ECB1426764EF50078F569 /* Project object */;
}
